
Microsoft Visual Studio Solution File, Format Version 12.00
# Visual Studio Version 16
VisualStudioVersion = 16.0.32802.440
MinimumVisualStudioVersion = 10.0.40219.1
Project("{FAE04EC0-301F-11D3-BF4B-00C04F79EFBC}") = "TestSingelton", "TestSingelton.csproj", "{F1522A3A-2796-4757-8D6E-259F1434D98C}"
EndProject
Global
	GlobalSection(SolutionConfigurationPlatforms) = preSolution
		Debug|Any CPU = Debug|Any CPU
		Release|Any CPU = Release|Any CPU
	EndGlobalSection
	GlobalSection(ProjectConfigurationPlatforms) = postSolution
		{F1522A3A-2796-4757-8D6E-259F1434D98C}.Debug|Any CPU.ActiveCfg = Debug|Any CPU
		{F1522A3A-2796-4757-8D6E-259F1434D98C}.Debug|Any CPU.Build.0 = Debug|Any CPU
		{F1522A3A-2796-4757-8D6E-259F1434D98C}.Release|Any CPU.ActiveCfg = Release|Any CPU
		{F1522A3A-2796-4757-8D6E-259F1434D98C}.Release|Any CPU.Build.0 = Release|Any CPU
	EndGlobalSection
	GlobalSection(SolutionProperties) = preSolution
		HideSolutionNode = FALSE
	EndGlobalSection
	GlobalSection(ExtensibilityGlobals) = postSolution
		SolutionGuid = {5FB797BE-7A7C-49CA-AF69-3FF2E813D261}
	EndGlobalSection
EndGlobal
